// !$*UTF8*$!
{
	archiveVersion = 1;
	classes = {
	};
	objectVersion = 54;
	objects = {

/* Begin PBXBuildFile section */
		C923A7622045D22F008E51CD /* Assets.xcassets in Resources */ = {isa = PBXBuildFile; fileRef = C923A7612045D22F008E51CD /* Assets.xcassets */; };
		D069C57B2E642B60004B454A /* Player.cpp in Sources */ = {isa = PBXBuildFile; fileRef = D069C5532E642B60004B454A /* Player.cpp */; };
		D069C57C2E642B60004B454A /* StatusDisplay.cpp in Sources */ = {isa = PBXBuildFile; fileRef = D069C5722E642B60004B454A /* StatusDisplay.cpp */; };
		D069C57D2E642B60004B454A /* Number.cpp in Sources */ = {isa = PBXBuildFile; fileRef = D069C56A2E642B60004B454A /* Number.cpp */; };
		D069C57E2E642B60004B454A /* Window.cpp in Sources */ = {isa = PBXBuildFile; fileRef = D069C5782E642B60004B454A /* Window.cpp */; };
		D069C57F2E642B60004B454A /* PlayerShip.cpp in Sources */ = {isa = PBXBuildFile; fileRef = D069C56E2E642B60004B454A /* PlayerShip.cpp */; };
		D069C5802E642B60004B454A /* Timer.cpp in Sources */ = {isa = PBXBuildFile; fileRef = D069C53D2E642B60004B454A /* Timer.cpp */; };
		D069C5812E642B60004B454A /* FighterShip.cpp in Sources */ = {isa = PBXBuildFile; fileRef = D069C5642E642B60004B454A /* FighterShip.cpp */; };
		D069C5822E642B60004B454A /* LeadEnemy.cpp in Sources */ = {isa = PBXBuildFile; fileRef = D069C54F2E642B60004B454A /* LeadEnemy.cpp */; };
		D069C5832E642B60004B454A /* EnemyController.cpp in Sources */ = {isa = PBXBuildFile; fileRef = D069C5472E642B60004B454A /* EnemyController.cpp */; };
		D069C5842E642B60004B454A /* FollowEnemy.cpp in Sources */ = {isa = PBXBuildFile; fileRef = D069C54D2E642B60004B454A /* FollowEnemy.cpp */; };
		D069C5852E642B60004B454A /* PlayerExplosionLine.cpp in Sources */ = {isa = PBXBuildFile; fileRef = D069C56C2E642B60004B454A /* PlayerExplosionLine.cpp */; };
		D069C5862E642B60004B454A /* AudioEngine.cpp in Sources */ = {isa = PBXBuildFile; fileRef = D069C5322E642B60004B454A /* AudioEngine.cpp */; };
		D069C5872E642B60004B454A /* Game.cpp in Sources */ = {isa = PBXBuildFile; fileRef = D069C5372E642B60004B454A /* Game.cpp */; };
		D069C5882E642B60004B454A /* PlayerShot.cpp in Sources */ = {isa = PBXBuildFile; fileRef = D069C5552E642B60004B454A /* PlayerShot.cpp */; };
		D069C5892E642B60004B454A /* Enemy.cpp in Sources */ = {isa = PBXBuildFile; fileRef = D069C5452E642B60004B454A /* Enemy.cpp */; };
		D069C58A2E642B60004B454A /* vmath.cpp in Sources */ = {isa = PBXBuildFile; fileRef = D069C5402E642B60004B454A /* vmath.cpp */; };
		D069C58B2E642B60004B454A /* Logger.cpp in Sources */ = {isa = PBXBuildFile; fileRef = D069C53B2E642B60004B454A /* Logger.cpp */; };
		D069C58C2E642B60004B454A /* Explosion.cpp in Sources */ = {isa = PBXBuildFile; fileRef = D069C5602E642B60004B454A /* Explosion.cpp */; };
		D069C58D2E642B60004B454A /* Entity.cpp in Sources */ = {isa = PBXBuildFile; fileRef = D069C5492E642B60004B454A /* Entity.cpp */; };
		D069C58E2E642B60004B454A /* Letter.cpp in Sources */ = {isa = PBXBuildFile; fileRef = D069C5682E642B60004B454A /* Letter.cpp */; };
		D069C58F2E642B60004B454A /* ExplosionLine.cpp in Sources */ = {isa = PBXBuildFile; fileRef = D069C5622E642B60004B454A /* ExplosionLine.cpp */; };
		D069C5902E642B60004B454A /* Shot.cpp in Sources */ = {isa = PBXBuildFile; fileRef = D069C5592E642B60004B454A /* Shot.cpp */; };
		D069C5912E642B60004B454A /* DoubleMine.cpp in Sources */ = {isa = PBXBuildFile; fileRef = D069C5432E642B60004B454A /* DoubleMine.cpp */; };
		D069C5922E642B60004B454A /* Rock.cpp in Sources */ = {isa = PBXBuildFile; fileRef = D069C5572E642B60004B454A /* Rock.cpp */; };
		D069C5932E642B60004B454A /* Mine.cpp in Sources */ = {isa = PBXBuildFile; fileRef = D069C5512E642B60004B454A /* Mine.cpp */; };
		D069C5942E642B60004B454A /* VapourTrail.cpp in Sources */ = {isa = PBXBuildFile; fileRef = D069C5762E642B60004B454A /* VapourTrail.cpp */; };
		D069C5952E642B60004B454A /* Ship.cpp in Sources */ = {isa = PBXBuildFile; fileRef = D069C5702E642B60004B454A /* Ship.cpp */; };
		D069C5962E642B60004B454A /* UFO.cpp in Sources */ = {isa = PBXBuildFile; fileRef = D069C55B2E642B60004B454A /* UFO.cpp */; };
		D069C5972E642B60004B454A /* TriShip.cpp in Sources */ = {isa = PBXBuildFile; fileRef = D069C5742E642B60004B454A /* TriShip.cpp */; };
		D069C5982E642B60004B454A /* HUD.cpp in Sources */ = {isa = PBXBuildFile; fileRef = D069C5662E642B60004B454A /* HUD.cpp */; };
		D069C5992E642B60004B454A /* Common.cpp in Sources */ = {isa = PBXBuildFile; fileRef = D069C5352E642B60004B454A /* Common.cpp */; };
		D069C59A2E642B60004B454A /* Fighter.cpp in Sources */ = {isa = PBXBuildFile; fileRef = D069C54B2E642B60004B454A /* Fighter.cpp */; };
		D069C59B2E642B60004B454A /* main.cpp in Sources */ = {isa = PBXBuildFile; fileRef = D069C57A2E642B60004B454A /* main.cpp */; };
		D069C59C2E642B60004B454A /* Borders.cpp in Sources */ = {isa = PBXBuildFile; fileRef = D069C55E2E642B60004B454A /* Borders.cpp */; };
		D069C59D2E642B60004B454A /* GameController.cpp in Sources */ = {isa = PBXBuildFile; fileRef = D069C5392E642B60004B454A /* GameController.cpp */; };
		D069C5BE2E642F1B004B454A /* libfmod.dylib in Frameworks */ = {isa = PBXBuildFile; fileRef = D069C5BC2E642F1B004B454A /* libfmod.dylib */; };
		D069C5BF2E642F1B004B454A /* libfmodstudio.dylib in Frameworks */ = {isa = PBXBuildFile; fileRef = D069C5BD2E642F1B004B454A /* libfmodstudio.dylib */; };
		D069C5C02E642F2B004B454A /* libfmod.dylib in Copy Bundle Frameworks */ = {isa = PBXBuildFile; fileRef = D069C5BC2E642F1B004B454A /* libfmod.dylib */; settings = {ATTRIBUTES = (CodeSignOnCopy, ); }; };
		D069C5C12E642F2D004B454A /* libfmodstudio.dylib in Copy Bundle Frameworks */ = {isa = PBXBuildFile; fileRef = D069C5BD2E642F1B004B454A /* libfmodstudio.dylib */; settings = {ATTRIBUTES = (CodeSignOnCopy, ); }; };
		D097313F2E607CEC00E48F4A /* libraylib.5.5.0.dylib in Frameworks */ = {isa = PBXBuildFile; fileRef = D097313E2E607CEC00E48F4A /* libraylib.5.5.0.dylib */; };
		D09731402E607CEC00E48F4A /* libraylib.5.5.0.dylib in Copy Bundle Frameworks */ = {isa = PBXBuildFile; fileRef = D097313E2E607CEC00E48F4A /* libraylib.5.5.0.dylib */; settings = {ATTRIBUTES = (CodeSignOnCopy, ); }; };
		D0B059EB2E61A36600D159DC /* icon.png in Resources */ = {isa = PBXBuildFile; fileRef = D0B059E92E61A36600D159DC /* icon.png */; };
		D0B059EC2E61A36600D159DC /* icon_1024.png in Resources */ = {isa = PBXBuildFile; fileRef = D0B059EA2E61A36600D159DC /* icon_1024.png */; };
		D0D06D632E643629002FBFF9 /* bloom.fs in Resources */ = {isa = PBXBuildFile; fileRef = D0D06D5E2E6435EA002FBFF9 /* bloom.fs */; };
		D0D06D702E64364F002FBFF9 /* BorderHit.wav in Resources */ = {isa = PBXBuildFile; fileRef = D0D06D652E64364F002FBFF9 /* BorderHit.wav */; };
		D0D06D712E64364F002FBFF9 /* EnemyHit.wav in Resources */ = {isa = PBXBuildFile; fileRef = D0D06D662E64364F002FBFF9 /* EnemyHit.wav */; };
		D0D06D722E64364F002FBFF9 /* FollowerHit.wav in Resources */ = {isa = PBXBuildFile; fileRef = D0D06D682E64364F002FBFF9 /* FollowerHit.wav */; };
		D0D06D732E64364F002FBFF9 /* Master.bank in Resources */ = {isa = PBXBuildFile; fileRef = D0D06D6A2E64364F002FBFF9 /* Master.bank */; };
		D0D06D742E64364F002FBFF9 /* Master.strings.bank in Resources */ = {isa = PBXBuildFile; fileRef = D0D06D6B2E64364F002FBFF9 /* Master.strings.bank */; };
		D0D06D752E64364F002FBFF9 /* Bonus.wav in Resources */ = {isa = PBXBuildFile; fileRef = D0D06D642E64364F002FBFF9 /* Bonus.wav */; };
		D0D06D762E64364F002FBFF9 /* PlayerHit.wav in Resources */ = {isa = PBXBuildFile; fileRef = D0D06D6D2E64364F002FBFF9 /* PlayerHit.wav */; };
		D0D06D772E64364F002FBFF9 /* MineHit.wav in Resources */ = {isa = PBXBuildFile; fileRef = D0D06D6C2E64364F002FBFF9 /* MineHit.wav */; };
		D0D06D782E64364F002FBFF9 /* PlayerShot.wav in Resources */ = {isa = PBXBuildFile; fileRef = D0D06D6E2E64364F002FBFF9 /* PlayerShot.wav */; };
		D0D06D792E64364F002FBFF9 /* LeadEnemyHit.wav in Resources */ = {isa = PBXBuildFile; fileRef = D0D06D692E64364F002FBFF9 /* LeadEnemyHit.wav */; };
		D0D06D7A2E64364F002FBFF9 /* Thrust.wav in Resources */ = {isa = PBXBuildFile; fileRef = D0D06D6F2E64364F002FBFF9 /* Thrust.wav */; };
		D0D06D7B2E64364F002FBFF9 /* FighterHit.wav in Resources */ = {isa = PBXBuildFile; fileRef = D0D06D672E64364F002FBFF9 /* FighterHit.wav */; };
/* End PBXBuildFile section */

/* Begin PBXCopyFilesBuildPhase section */
		C979C33C204871C0001D8695 /* Copy Bundle Frameworks */ = {
			isa = PBXCopyFilesBuildPhase;
			buildActionMask = 2147483647;
			dstPath = "";
			dstSubfolderSpec = 10;
			files = (
				D069C5C02E642F2B004B454A /* libfmod.dylib in Copy Bundle Frameworks */,
				D09731402E607CEC00E48F4A /* libraylib.5.5.0.dylib in Copy Bundle Frameworks */,
				D069C5C12E642F2D004B454A /* libfmodstudio.dylib in Copy Bundle Frameworks */,
			);
			name = "Copy Bundle Frameworks";
			runOnlyForDeploymentPostprocessing = 0;
		};
/* End PBXCopyFilesBuildPhase section */

/* Begin PBXFileReference section */
		C923A7582045D22F008E51CD /* OmegaRace.app */ = {isa = PBXFileReference; explicitFileType = wrapper.application; includeInIndex = 0; path = OmegaRace.app; sourceTree = BUILT_PRODUCTS_DIR; };
		C923A7612045D22F008E51CD /* Assets.xcassets */ = {isa = PBXFileReference; lastKnownFileType = folder.assetcatalog; name = Assets.xcassets; path = resources/macos/Assets.xcassets; sourceTree = "<group>"; };
		D069C5312E642B60004B454A /* AudioEngine.h */ = {isa = PBXFileReference; lastKnownFileType = sourcecode.c.h; path = AudioEngine.h; sourceTree = "<group>"; };
		D069C5322E642B60004B454A /* AudioEngine.cpp */ = {isa = PBXFileReference; lastKnownFileType = sourcecode.cpp.cpp; path = AudioEngine.cpp; sourceTree = "<group>"; };
		D069C5342E642B60004B454A /* Common.h */ = {isa = PBXFileReference; lastKnownFileType = sourcecode.c.h; path = Common.h; sourceTree = "<group>"; };
		D069C5352E642B60004B454A /* Common.cpp */ = {isa = PBXFileReference; lastKnownFileType = sourcecode.cpp.cpp; path = Common.cpp; sourceTree = "<group>"; };
		D069C5362E642B60004B454A /* Game.h */ = {isa = PBXFileReference; lastKnownFileType = sourcecode.c.h; path = Game.h; sourceTree = "<group>"; };
		D069C5372E642B60004B454A /* Game.cpp */ = {isa = PBXFileReference; lastKnownFileType = sourcecode.cpp.cpp; path = Game.cpp; sourceTree = "<group>"; };
		D069C5382E642B60004B454A /* GameController.h */ = {isa = PBXFileReference; lastKnownFileType = sourcecode.c.h; path = GameController.h; sourceTree = "<group>"; };
		D069C5392E642B60004B454A /* GameController.cpp */ = {isa = PBXFileReference; lastKnownFileType = sourcecode.cpp.cpp; path = GameController.cpp; sourceTree = "<group>"; };
		D069C53A2E642B60004B454A /* Logger.h */ = {isa = PBXFileReference; lastKnownFileType = sourcecode.c.h; path = Logger.h; sourceTree = "<group>"; };
		D069C53B2E642B60004B454A /* Logger.cpp */ = {isa = PBXFileReference; lastKnownFileType = sourcecode.cpp.cpp; path = Logger.cpp; sourceTree = "<group>"; };
		D069C53C2E642B60004B454A /* Timer.h */ = {isa = PBXFileReference; lastKnownFileType = sourcecode.c.h; path = Timer.h; sourceTree = "<group>"; };
		D069C53D2E642B60004B454A /* Timer.cpp */ = {isa = PBXFileReference; lastKnownFileType = sourcecode.cpp.cpp; path = Timer.cpp; sourceTree = "<group>"; };
		D069C53E2E642B60004B454A /* Types.h */ = {isa = PBXFileReference; lastKnownFileType = sourcecode.c.h; path = Types.h; sourceTree = "<group>"; };
		D069C53F2E642B60004B454A /* vmath.h */ = {isa = PBXFileReference; lastKnownFileType = sourcecode.c.h; path = vmath.h; sourceTree = "<group>"; };
		D069C5402E642B60004B454A /* vmath.cpp */ = {isa = PBXFileReference; lastKnownFileType = sourcecode.cpp.cpp; path = vmath.cpp; sourceTree = "<group>"; };
		D069C5422E642B60004B454A /* DoubleMine.h */ = {isa = PBXFileReference; lastKnownFileType = sourcecode.c.h; path = DoubleMine.h; sourceTree = "<group>"; };
		D069C5432E642B60004B454A /* DoubleMine.cpp */ = {isa = PBXFileReference; lastKnownFileType = sourcecode.cpp.cpp; path = DoubleMine.cpp; sourceTree = "<group>"; };
		D069C5442E642B60004B454A /* Enemy.h */ = {isa = PBXFileReference; lastKnownFileType = sourcecode.c.h; path = Enemy.h; sourceTree = "<group>"; };
		D069C5452E642B60004B454A /* Enemy.cpp */ = {isa = PBXFileReference; lastKnownFileType = sourcecode.cpp.cpp; path = Enemy.cpp; sourceTree = "<group>"; };
		D069C5462E642B60004B454A /* EnemyController.h */ = {isa = PBXFileReference; lastKnownFileType = sourcecode.c.h; path = EnemyController.h; sourceTree = "<group>"; };
		D069C5472E642B60004B454A /* EnemyController.cpp */ = {isa = PBXFileReference; lastKnownFileType = sourcecode.cpp.cpp; path = EnemyController.cpp; sourceTree = "<group>"; };
		D069C5482E642B60004B454A /* Entity.h */ = {isa = PBXFileReference; lastKnownFileType = sourcecode.c.h; path = Entity.h; sourceTree = "<group>"; };
		D069C5492E642B60004B454A /* Entity.cpp */ = {isa = PBXFileReference; lastKnownFileType = sourcecode.cpp.cpp; path = Entity.cpp; sourceTree = "<group>"; };
		D069C54A2E642B60004B454A /* Fighter.h */ = {isa = PBXFileReference; lastKnownFileType = sourcecode.c.h; path = Fighter.h; sourceTree = "<group>"; };
		D069C54B2E642B60004B454A /* Fighter.cpp */ = {isa = PBXFileReference; lastKnownFileType = sourcecode.cpp.cpp; path = Fighter.cpp; sourceTree = "<group>"; };
		D069C54C2E642B60004B454A /* FollowEnemy.h */ = {isa = PBXFileReference; lastKnownFileType = sourcecode.c.h; path = FollowEnemy.h; sourceTree = "<group>"; };
		D069C54D2E642B60004B454A /* FollowEnemy.cpp */ = {isa = PBXFileReference; lastKnownFileType = sourcecode.cpp.cpp; path = FollowEnemy.cpp; sourceTree = "<group>"; };
		D069C54E2E642B60004B454A /* LeadEnemy.h */ = {isa = PBXFileReference; lastKnownFileType = sourcecode.c.h; path = LeadEnemy.h; sourceTree = "<group>"; };
		D069C54F2E642B60004B454A /* LeadEnemy.cpp */ = {isa = PBXFileReference; lastKnownFileType = sourcecode.cpp.cpp; path = LeadEnemy.cpp; sourceTree = "<group>"; };
		D069C5502E642B60004B454A /* Mine.h */ = {isa = PBXFileReference; lastKnownFileType = sourcecode.c.h; path = Mine.h; sourceTree = "<group>"; };
		D069C5512E642B60004B454A /* Mine.cpp */ = {isa = PBXFileReference; lastKnownFileType = sourcecode.cpp.cpp; path = Mine.cpp; sourceTree = "<group>"; };
		D069C5522E642B60004B454A /* Player.h */ = {isa = PBXFileReference; lastKnownFileType = sourcecode.c.h; path = Player.h; sourceTree = "<group>"; };
		D069C5532E642B60004B454A /* Player.cpp */ = {isa = PBXFileReference; lastKnownFileType = sourcecode.cpp.cpp; path = Player.cpp; sourceTree = "<group>"; };
		D069C5542E642B60004B454A /* PlayerShot.h */ = {isa = PBXFileReference; lastKnownFileType = sourcecode.c.h; path = PlayerShot.h; sourceTree = "<group>"; };
		D069C5552E642B60004B454A /* PlayerShot.cpp */ = {isa = PBXFileReference; lastKnownFileType = sourcecode.cpp.cpp; path = PlayerShot.cpp; sourceTree = "<group>"; };
		D069C5562E642B60004B454A /* Rock.h */ = {isa = PBXFileReference; lastKnownFileType = sourcecode.c.h; path = Rock.h; sourceTree = "<group>"; };
		D069C5572E642B60004B454A /* Rock.cpp */ = {isa = PBXFileReference; lastKnownFileType = sourcecode.cpp.cpp; path = Rock.cpp; sourceTree = "<group>"; };
		D069C5582E642B60004B454A /* Shot.h */ = {isa = PBXFileReference; lastKnownFileType = sourcecode.c.h; path = Shot.h; sourceTree = "<group>"; };
		D069C5592E642B60004B454A /* Shot.cpp */ = {isa = PBXFileReference; lastKnownFileType = sourcecode.cpp.cpp; path = Shot.cpp; sourceTree = "<group>"; };
		D069C55A2E642B60004B454A /* UFO.h */ = {isa = PBXFileReference; lastKnownFileType = sourcecode.c.h; path = UFO.h; sourceTree = "<group>"; };
		D069C55B2E642B60004B454A /* UFO.cpp */ = {isa = PBXFileReference; lastKnownFileType = sourcecode.cpp.cpp; path = UFO.cpp; sourceTree = "<group>"; };
		D069C55D2E642B60004B454A /* Borders.h */ = {isa = PBXFileReference; lastKnownFileType = sourcecode.c.h; path = Borders.h; sourceTree = "<group>"; };
		D069C55E2E642B60004B454A /* Borders.cpp */ = {isa = PBXFileReference; lastKnownFileType = sourcecode.cpp.cpp; path = Borders.cpp; sourceTree = "<group>"; };
		D069C55F2E642B60004B454A /* Explosion.h */ = {isa = PBXFileReference; lastKnownFileType = sourcecode.c.h; path = Explosion.h; sourceTree = "<group>"; };
		D069C5602E642B60004B454A /* Explosion.cpp */ = {isa = PBXFileReference; lastKnownFileType = sourcecode.cpp.cpp; path = Explosion.cpp; sourceTree = "<group>"; };
		D069C5612E642B60004B454A /* ExplosionLine.h */ = {isa = PBXFileReference; lastKnownFileType = sourcecode.c.h; path = ExplosionLine.h; sourceTree = "<group>"; };
		D069C5622E642B60004B454A /* ExplosionLine.cpp */ = {isa = PBXFileReference; lastKnownFileType = sourcecode.cpp.cpp; path = ExplosionLine.cpp; sourceTree = "<group>"; };
		D069C5632E642B60004B454A /* FighterShip.h */ = {isa = PBXFileReference; lastKnownFileType = sourcecode.c.h; path = FighterShip.h; sourceTree = "<group>"; };
		D069C5642E642B60004B454A /* FighterShip.cpp */ = {isa = PBXFileReference; lastKnownFileType = sourcecode.cpp.cpp; path = FighterShip.cpp; sourceTree = "<group>"; };
		D069C5652E642B60004B454A /* HUD.h */ = {isa = PBXFileReference; lastKnownFileType = sourcecode.c.h; path = HUD.h; sourceTree = "<group>"; };
		D069C5662E642B60004B454A /* HUD.cpp */ = {isa = PBXFileReference; lastKnownFileType = sourcecode.cpp.cpp; path = HUD.cpp; sourceTree = "<group>"; };
		D069C5672E642B60004B454A /* Letter.h */ = {isa = PBXFileReference; lastKnownFileType = sourcecode.c.h; path = Letter.h; sourceTree = "<group>"; };
		D069C5682E642B60004B454A /* Letter.cpp */ = {isa = PBXFileReference; lastKnownFileType = sourcecode.cpp.cpp; path = Letter.cpp; sourceTree = "<group>"; };
		D069C5692E642B60004B454A /* Number.h */ = {isa = PBXFileReference; lastKnownFileType = sourcecode.c.h; path = Number.h; sourceTree = "<group>"; };
		D069C56A2E642B60004B454A /* Number.cpp */ = {isa = PBXFileReference; lastKnownFileType = sourcecode.cpp.cpp; path = Number.cpp; sourceTree = "<group>"; };
		D069C56B2E642B60004B454A /* PlayerExplosionLine.h */ = {isa = PBXFileReference; lastKnownFileType = sourcecode.c.h; path = PlayerExplosionLine.h; sourceTree = "<group>"; };
		D069C56C2E642B60004B454A /* PlayerExplosionLine.cpp */ = {isa = PBXFileReference; lastKnownFileType = sourcecode.cpp.cpp; path = PlayerExplosionLine.cpp; sourceTree = "<group>"; };
		D069C56D2E642B60004B454A /* PlayerShip.h */ = {isa = PBXFileReference; lastKnownFileType = sourcecode.c.h; path = PlayerShip.h; sourceTree = "<group>"; };
		D069C56E2E642B60004B454A /* PlayerShip.cpp */ = {isa = PBXFileReference; lastKnownFileType = sourcecode.cpp.cpp; path = PlayerShip.cpp; sourceTree = "<group>"; };
		D069C56F2E642B60004B454A /* Ship.h */ = {isa = PBXFileReference; lastKnownFileType = sourcecode.c.h; path = Ship.h; sourceTree = "<group>"; };
		D069C5702E642B60004B454A /* Ship.cpp */ = {isa = PBXFileReference; lastKnownFileType = sourcecode.cpp.cpp; path = Ship.cpp; sourceTree = "<group>"; };
		D069C5712E642B60004B454A /* StatusDisplay.h */ = {isa = PBXFileReference; lastKnownFileType = sourcecode.c.h; path = StatusDisplay.h; sourceTree = "<group>"; };
		D069C5722E642B60004B454A /* StatusDisplay.cpp */ = {isa = PBXFileReference; lastKnownFileType = sourcecode.cpp.cpp; path = StatusDisplay.cpp; sourceTree = "<group>"; };
		D069C5732E642B60004B454A /* TriShip.h */ = {isa = PBXFileReference; lastKnownFileType = sourcecode.c.h; path = TriShip.h; sourceTree = "<group>"; };
		D069C5742E642B60004B454A /* TriShip.cpp */ = {isa = PBXFileReference; lastKnownFileType = sourcecode.cpp.cpp; path = TriShip.cpp; sourceTree = "<group>"; };
		D069C5752E642B60004B454A /* VapourTrail.h */ = {isa = PBXFileReference; lastKnownFileType = sourcecode.c.h; path = VapourTrail.h; sourceTree = "<group>"; };
		D069C5762E642B60004B454A /* VapourTrail.cpp */ = {isa = PBXFileReference; lastKnownFileType = sourcecode.cpp.cpp; path = VapourTrail.cpp; sourceTree = "<group>"; };
		D069C5772E642B60004B454A /* Window.h */ = {isa = PBXFileReference; lastKnownFileType = sourcecode.c.h; path = Window.h; sourceTree = "<group>"; };
		D069C5782E642B60004B454A /* Window.cpp */ = {isa = PBXFileReference; lastKnownFileType = sourcecode.cpp.cpp; path = Window.cpp; sourceTree = "<group>"; };
		D069C57A2E642B60004B454A /* main.cpp */ = {isa = PBXFileReference; lastKnownFileType = sourcecode.cpp.cpp; path = main.cpp; sourceTree = "<group>"; };
		D069C5BC2E642F1B004B454A /* libfmod.dylib */ = {isa = PBXFileReference; lastKnownFileType = "compiled.mach-o.dylib"; name = libfmod.dylib; path = "third-party/fmod/osx/lib/libfmod.dylib"; sourceTree = "<group>"; };
		D069C5BD2E642F1B004B454A /* libfmodstudio.dylib */ = {isa = PBXFileReference; lastKnownFileType = "compiled.mach-o.dylib"; name = libfmodstudio.dylib; path = "third-party/fmod/osx/lib/libfmodstudio.dylib"; sourceTree = "<group>"; };
		D097313E2E607CEC00E48F4A /* libraylib.5.5.0.dylib */ = {isa = PBXFileReference; lastKnownFileType = "compiled.mach-o.dylib"; name = libraylib.5.5.0.dylib; path = ../../../../../../opt/homebrew/Cellar/raylib/5.5/lib/libraylib.5.5.0.dylib; sourceTree = "<group>"; };
		D0B059E92E61A36600D159DC /* icon.png */ = {isa = PBXFileReference; lastKnownFileType = image.png; path = icon.png; sourceTree = "<group>"; };
		D0B059EA2E61A36600D159DC /* icon_1024.png */ = {isa = PBXFileReference; lastKnownFileType = image.png; path = icon_1024.png; sourceTree = "<group>"; };
		D0B059ED2E626AA700D159DC /* OmegaRace.entitlements */ = {isa = PBXFileReference; lastKnownFileType = text.plist.entitlements; name = OmegaRace.entitlements; path = resources/macos/OmegaRace.entitlements; sourceTree = "<group>"; };
		D0D06D5E2E6435EA002FBFF9 /* bloom.fs */ = {isa = PBXFileReference; lastKnownFileType = sourcecode.glsl; path = bloom.fs; sourceTree = "<group>"; };
		D0D06D642E64364F002FBFF9 /* Bonus.wav */ = {isa = PBXFileReference; lastKnownFileType = audio.wav; name = Bonus.wav; path = resources/audio/Bonus.wav; sourceTree = SOURCE_ROOT; };
		D0D06D652E64364F002FBFF9 /* BorderHit.wav */ = {isa = PBXFileReference; lastKnownFileType = audio.wav; name = BorderHit.wav; path = resources/audio/BorderHit.wav; sourceTree = SOURCE_ROOT; };
		D0D06D662E64364F002FBFF9 /* EnemyHit.wav */ = {isa = PBXFileReference; lastKnownFileType = audio.wav; name = EnemyHit.wav; path = resources/audio/EnemyHit.wav; sourceTree = SOURCE_ROOT; };
		D0D06D672E64364F002FBFF9 /* FighterHit.wav */ = {isa = PBXFileReference; lastKnownFileType = audio.wav; name = FighterHit.wav; path = resources/audio/FighterHit.wav; sourceTree = SOURCE_ROOT; };
		D0D06D682E64364F002FBFF9 /* FollowerHit.wav */ = {isa = PBXFileReference; lastKnownFileType = audio.wav; name = FollowerHit.wav; path = resources/audio/FollowerHit.wav; sourceTree = SOURCE_ROOT; };
		D0D06D692E64364F002FBFF9 /* LeadEnemyHit.wav */ = {isa = PBXFileReference; lastKnownFileType = audio.wav; name = LeadEnemyHit.wav; path = resources/audio/LeadEnemyHit.wav; sourceTree = SOURCE_ROOT; };
		D0D06D6A2E64364F002FBFF9 /* Master.bank */ = {isa = PBXFileReference; lastKnownFileType = file; name = Master.bank; path = resources/audio/Master.bank; sourceTree = SOURCE_ROOT; };
		D0D06D6B2E64364F002FBFF9 /* Master.strings.bank */ = {isa = PBXFileReference; lastKnownFileType = file; name = Master.strings.bank; path = resources/audio/Master.strings.bank; sourceTree = SOURCE_ROOT; };
		D0D06D6C2E64364F002FBFF9 /* MineHit.wav */ = {isa = PBXFileReference; lastKnownFileType = audio.wav; name = MineHit.wav; path = resources/audio/MineHit.wav; sourceTree = SOURCE_ROOT; };
		D0D06D6D2E64364F002FBFF9 /* PlayerHit.wav */ = {isa = PBXFileReference; lastKnownFileType = audio.wav; name = PlayerHit.wav; path = resources/audio/PlayerHit.wav; sourceTree = SOURCE_ROOT; };
		D0D06D6E2E64364F002FBFF9 /* PlayerShot.wav */ = {isa = PBXFileReference; lastKnownFileType = audio.wav; name = PlayerShot.wav; path = resources/audio/PlayerShot.wav; sourceTree = SOURCE_ROOT; };
		D0D06D6F2E64364F002FBFF9 /* Thrust.wav */ = {isa = PBXFileReference; lastKnownFileType = audio.wav; name = Thrust.wav; path = resources/audio/Thrust.wav; sourceTree = SOURCE_ROOT; };
		D0FF2C9A2AB7FA320024B5C3 /* Info.plist */ = {isa = PBXFileReference; fileEncoding = 4; lastKnownFileType = text.plist; name = Info.plist; path = resources/macos/Info.plist; sourceTree = "<group>"; };
/* End PBXFileReference section */

/* Begin PBXFrameworksBuildPhase section */
		C923A7552045D22F008E51CD /* Frameworks */ = {
			isa = PBXFrameworksBuildPhase;
			buildActionMask = 2147483647;
			files = (
				D097313F2E607CEC00E48F4A /* libraylib.5.5.0.dylib in Frameworks */,
				D069C5BE2E642F1B004B454A /* libfmod.dylib in Frameworks */,
				D069C5BF2E642F1B004B454A /* libfmodstudio.dylib in Frameworks */,
			);
			runOnlyForDeploymentPostprocessing = 0;
		};
/* End PBXFrameworksBuildPhase section */

/* Begin PBXGroup section */
		C923A74F2045D22F008E51CD = {
			isa = PBXGroup;
			children = (
				C923A75A2045D22F008E51CD /* OmegaRace */,
				C96F46902048789F002630EE /* Frameworks */,
				C923A7592045D22F008E51CD /* Products */,
			);
			sourceTree = "<group>";
		};
		C923A7592045D22F008E51CD /* Products */ = {
			isa = PBXGroup;
			children = (
				C923A7582045D22F008E51CD /* OmegaRace.app */,
			);
			name = Products;
			sourceTree = "<group>";
		};
		C923A75A2045D22F008E51CD /* OmegaRace */ = {
			isa = PBXGroup;
			children = (
				D0B059ED2E626AA700D159DC /* OmegaRace.entitlements */,
				D0FF2C9C2AB7FA3A0024B5C3 /* src */,
				C923A7612045D22F008E51CD /* Assets.xcassets */,
				D0FF2C9A2AB7FA320024B5C3 /* Info.plist */,
				D0FF2D062AB7FA6F0024B5C3 /* Resources */,
			);
			name = OmegaRace;
			sourceTree = SOURCE_ROOT;
		};
		C96F46902048789F002630EE /* Frameworks */ = {
			isa = PBXGroup;
			children = (
				D097313E2E607CEC00E48F4A /* libraylib.5.5.0.dylib */,
				D069C5BC2E642F1B004B454A /* libfmod.dylib */,
				D069C5BD2E642F1B004B454A /* libfmodstudio.dylib */,
			);
			name = Frameworks;
			sourceTree = "<group>";
		};
		D069C5332E642B60004B454A /* audio */ = {
			isa = PBXGroup;
			children = (
				D069C5312E642B60004B454A /* AudioEngine.h */,
				D069C5322E642B60004B454A /* AudioEngine.cpp */,
			);
			path = audio;
			sourceTree = "<group>";
		};
		D069C5412E642B60004B454A /* core */ = {
			isa = PBXGroup;
			children = (
				D069C5342E642B60004B454A /* Common.h */,
				D069C5352E642B60004B454A /* Common.cpp */,
				D069C5362E642B60004B454A /* Game.h */,
				D069C5372E642B60004B454A /* Game.cpp */,
				D069C5382E642B60004B454A /* GameController.h */,
				D069C5392E642B60004B454A /* GameController.cpp */,
				D069C53A2E642B60004B454A /* Logger.h */,
				D069C53B2E642B60004B454A /* Logger.cpp */,
				D069C53C2E642B60004B454A /* Timer.h */,
				D069C53D2E642B60004B454A /* Timer.cpp */,
				D069C53E2E642B60004B454A /* Types.h */,
				D069C53F2E642B60004B454A /* vmath.h */,
				D069C5402E642B60004B454A /* vmath.cpp */,
			);
			path = core;
			sourceTree = "<group>";
		};
		D069C55C2E642B60004B454A /* entities */ = {
			isa = PBXGroup;
			children = (
				D069C5422E642B60004B454A /* DoubleMine.h */,
				D069C5432E642B60004B454A /* DoubleMine.cpp */,
				D069C5442E642B60004B454A /* Enemy.h */,
				D069C5452E642B60004B454A /* Enemy.cpp */,
				D069C5462E642B60004B454A /* EnemyController.h */,
				D069C5472E642B60004B454A /* EnemyController.cpp */,
				D069C5482E642B60004B454A /* Entity.h */,
				D069C5492E642B60004B454A /* Entity.cpp */,
				D069C54A2E642B60004B454A /* Fighter.h */,
				D069C54B2E642B60004B454A /* Fighter.cpp */,
				D069C54C2E642B60004B454A /* FollowEnemy.h */,
				D069C54D2E642B60004B454A /* FollowEnemy.cpp */,
				D069C54E2E642B60004B454A /* LeadEnemy.h */,
				D069C54F2E642B60004B454A /* LeadEnemy.cpp */,
				D069C5502E642B60004B454A /* Mine.h */,
				D069C5512E642B60004B454A /* Mine.cpp */,
				D069C5522E642B60004B454A /* Player.h */,
				D069C5532E642B60004B454A /* Player.cpp */,
				D069C5542E642B60004B454A /* PlayerShot.h */,
				D069C5552E642B60004B454A /* PlayerShot.cpp */,
				D069C5562E642B60004B454A /* Rock.h */,
				D069C5572E642B60004B454A /* Rock.cpp */,
				D069C5582E642B60004B454A /* Shot.h */,
				D069C5592E642B60004B454A /* Shot.cpp */,
				D069C55A2E642B60004B454A /* UFO.h */,
				D069C55B2E642B60004B454A /* UFO.cpp */,
			);
			path = entities;
			sourceTree = "<group>";
		};
		D069C5792E642B60004B454A /* graphics */ = {
			isa = PBXGroup;
			children = (
				D069C55D2E642B60004B454A /* Borders.h */,
				D069C55E2E642B60004B454A /* Borders.cpp */,
				D069C55F2E642B60004B454A /* Explosion.h */,
				D069C5602E642B60004B454A /* Explosion.cpp */,
				D069C5612E642B60004B454A /* ExplosionLine.h */,
				D069C5622E642B60004B454A /* ExplosionLine.cpp */,
				D069C5632E642B60004B454A /* FighterShip.h */,
				D069C5642E642B60004B454A /* FighterShip.cpp */,
				D069C5652E642B60004B454A /* HUD.h */,
				D069C5662E642B60004B454A /* HUD.cpp */,
				D069C5672E642B60004B454A /* Letter.h */,
				D069C5682E642B60004B454A /* Letter.cpp */,
				D069C5692E642B60004B454A /* Number.h */,
				D069C56A2E642B60004B454A /* Number.cpp */,
				D069C56B2E642B60004B454A /* PlayerExplosionLine.h */,
				D069C56C2E642B60004B454A /* PlayerExplosionLine.cpp */,
				D069C56D2E642B60004B454A /* PlayerShip.h */,
				D069C56E2E642B60004B454A /* PlayerShip.cpp */,
				D069C56F2E642B60004B454A /* Ship.h */,
				D069C5702E642B60004B454A /* Ship.cpp */,
				D069C5712E642B60004B454A /* StatusDisplay.h */,
				D069C5722E642B60004B454A /* StatusDisplay.cpp */,
				D069C5732E642B60004B454A /* TriShip.h */,
				D069C5742E642B60004B454A /* TriShip.cpp */,
				D069C5752E642B60004B454A /* VapourTrail.h */,
				D069C5762E642B60004B454A /* VapourTrail.cpp */,
				D069C5772E642B60004B454A /* Window.h */,
				D069C5782E642B60004B454A /* Window.cpp */,
			);
			path = graphics;
			sourceTree = "<group>";
		};
		D0D06D5F2E6435EA002FBFF9 /* shaders */ = {
			isa = PBXGroup;
			children = (
				D0D06D5E2E6435EA002FBFF9 /* bloom.fs */,
			);
			path = shaders;
			sourceTree = "<group>";
		};
		D0FF2C9C2AB7FA3A0024B5C3 /* src */ = {
			isa = PBXGroup;
			children = (
				D069C5332E642B60004B454A /* audio */,
				D069C5412E642B60004B454A /* core */,
				D069C55C2E642B60004B454A /* entities */,
				D069C5792E642B60004B454A /* graphics */,
				D069C57A2E642B60004B454A /* main.cpp */,
			);
			path = src;
			sourceTree = "<group>";
		};
		D0FF2D062AB7FA6F0024B5C3 /* Resources */ = {
			isa = PBXGroup;
			children = (
				D0D06D642E64364F002FBFF9 /* Bonus.wav */,
				D0D06D652E64364F002FBFF9 /* BorderHit.wav */,
				D0D06D662E64364F002FBFF9 /* EnemyHit.wav */,
				D0D06D672E64364F002FBFF9 /* FighterHit.wav */,
				D0D06D682E64364F002FBFF9 /* FollowerHit.wav */,
				D0D06D692E64364F002FBFF9 /* LeadEnemyHit.wav */,
				D0D06D6A2E64364F002FBFF9 /* Master.bank */,
				D0D06D6B2E64364F002FBFF9 /* Master.strings.bank */,
				D0D06D6C2E64364F002FBFF9 /* MineHit.wav */,
				D0D06D6D2E64364F002FBFF9 /* PlayerHit.wav */,
				D0D06D6E2E64364F002FBFF9 /* PlayerShot.wav */,
				D0D06D6F2E64364F002FBFF9 /* Thrust.wav */,
				D0D06D5F2E6435EA002FBFF9 /* shaders */,
				D0B059E92E61A36600D159DC /* icon.png */,
				D0B059EA2E61A36600D159DC /* icon_1024.png */,
			);
			path = Resources;
			sourceTree = "<group>";
		};
/* End PBXGroup section */

/* Begin PBXNativeTarget section */
		C923A7572045D22F008E51CD /* OmegaRace */ = {
			isa = PBXNativeTarget;
			buildConfigurationList = C923A76C2045D22F008E51CD /* Build configuration list for PBXNativeTarget "OmegaRace" */;
			buildPhases = (
				C923A7542045D22F008E51CD /* Sources */,
				C923A7552045D22F008E51CD /* Frameworks */,
				C923A7562045D22F008E51CD /* Resources */,
				C979C33C204871C0001D8695 /* Copy Bundle Frameworks */,
			);
			buildRules = (
			);
			dependencies = (
			);
			name = OmegaRace;
			productName = OmegaRace;
			productReference = C923A7582045D22F008E51CD /* OmegaRace.app */;
			productType = "com.apple.product-type.application";
		};
/* End PBXNativeTarget section */

/* Begin PBXProject section */
		C923A7502045D22F008E51CD /* Project object */ = {
			isa = PBXProject;
			attributes = {
				BuildIndependentTargetsInParallel = YES;
				LastUpgradeCheck = 1430;
				ORGANIZATIONNAME = CompiledCreations;
				TargetAttributes = {
					C923A7572045D22F008E51CD = {
						CreatedOnToolsVersion = 9.2;
					};
				};
			};
			buildConfigurationList = C923A7532045D22F008E51CD /* Build configuration list for PBXProject "OmegaRace" */;
			compatibilityVersion = "Xcode 8.0";
			developmentRegion = en;
			hasScannedForEncodings = 0;
			knownRegions = (
				en,
				Base,
			);
			mainGroup = C923A74F2045D22F008E51CD;
			productRefGroup = C923A7592045D22F008E51CD /* Products */;
			projectDirPath = "";
			projectRoot = "";
			targets = (
				C923A7572045D22F008E51CD /* OmegaRace */,
			);
		};
/* End PBXProject section */

/* Begin PBXResourcesBuildPhase section */
		C923A7562045D22F008E51CD /* Resources */ = {
			isa = PBXResourcesBuildPhase;
			buildActionMask = 2147483647;
			files = (
				C923A7622045D22F008E51CD /* Assets.xcassets in Resources */,
				D0B059EB2E61A36600D159DC /* icon.png in Resources */,
				D0B059EC2E61A36600D159DC /* icon_1024.png in Resources */,
				D0D06D702E64364F002FBFF9 /* BorderHit.wav in Resources */,
				D0D06D712E64364F002FBFF9 /* EnemyHit.wav in Resources */,
				D0D06D722E64364F002FBFF9 /* FollowerHit.wav in Resources */,
				D0D06D732E64364F002FBFF9 /* Master.bank in Resources */,
				D0D06D742E64364F002FBFF9 /* Master.strings.bank in Resources */,
				D0D06D752E64364F002FBFF9 /* Bonus.wav in Resources */,
				D0D06D762E64364F002FBFF9 /* PlayerHit.wav in Resources */,
				D0D06D772E64364F002FBFF9 /* MineHit.wav in Resources */,
				D0D06D782E64364F002FBFF9 /* PlayerShot.wav in Resources */,
				D0D06D792E64364F002FBFF9 /* LeadEnemyHit.wav in Resources */,
				D0D06D7A2E64364F002FBFF9 /* Thrust.wav in Resources */,
				D0D06D7B2E64364F002FBFF9 /* FighterHit.wav in Resources */,
				D0D06D632E643629002FBFF9 /* bloom.fs in Resources */,
			);
			runOnlyForDeploymentPostprocessing = 0;
		};
/* End PBXResourcesBuildPhase section */

/* Begin PBXSourcesBuildPhase section */
		C923A7542045D22F008E51CD /* Sources */ = {
			isa = PBXSourcesBuildPhase;
			buildActionMask = 2147483647;
			files = (
				D069C57B2E642B60004B454A /* Player.cpp in Sources */,
				D069C57C2E642B60004B454A /* StatusDisplay.cpp in Sources */,
				D069C57D2E642B60004B454A /* Number.cpp in Sources */,
				D069C57E2E642B60004B454A /* Window.cpp in Sources */,
				D069C57F2E642B60004B454A /* PlayerShip.cpp in Sources */,
				D069C5802E642B60004B454A /* Timer.cpp in Sources */,
				D069C5812E642B60004B454A /* FighterShip.cpp in Sources */,
				D069C5822E642B60004B454A /* LeadEnemy.cpp in Sources */,
				D069C5832E642B60004B454A /* EnemyController.cpp in Sources */,
				D069C5842E642B60004B454A /* FollowEnemy.cpp in Sources */,
				D069C5852E642B60004B454A /* PlayerExplosionLine.cpp in Sources */,
				D069C5862E642B60004B454A /* AudioEngine.cpp in Sources */,
				D069C5872E642B60004B454A /* Game.cpp in Sources */,
				D069C5882E642B60004B454A /* PlayerShot.cpp in Sources */,
				D069C5892E642B60004B454A /* Enemy.cpp in Sources */,
				D069C58A2E642B60004B454A /* vmath.cpp in Sources */,
				D069C58B2E642B60004B454A /* Logger.cpp in Sources */,
				D069C58C2E642B60004B454A /* Explosion.cpp in Sources */,
				D069C58D2E642B60004B454A /* Entity.cpp in Sources */,
				D069C58E2E642B60004B454A /* Letter.cpp in Sources */,
				D069C58F2E642B60004B454A /* ExplosionLine.cpp in Sources */,
				D069C5902E642B60004B454A /* Shot.cpp in Sources */,
				D069C5912E642B60004B454A /* DoubleMine.cpp in Sources */,
				D069C5922E642B60004B454A /* Rock.cpp in Sources */,
				D069C5932E642B60004B454A /* Mine.cpp in Sources */,
				D069C5942E642B60004B454A /* VapourTrail.cpp in Sources */,
				D069C5952E642B60004B454A /* Ship.cpp in Sources */,
				D069C5962E642B60004B454A /* UFO.cpp in Sources */,
				D069C5972E642B60004B454A /* TriShip.cpp in Sources */,
				D069C5982E642B60004B454A /* HUD.cpp in Sources */,
				D069C5992E642B60004B454A /* Common.cpp in Sources */,
				D069C59A2E642B60004B454A /* Fighter.cpp in Sources */,
				D069C59B2E642B60004B454A /* main.cpp in Sources */,
				D069C59C2E642B60004B454A /* Borders.cpp in Sources */,
				D069C59D2E642B60004B454A /* GameController.cpp in Sources */,
			);
			runOnlyForDeploymentPostprocessing = 0;
		};
/* End PBXSourcesBuildPhase section */

/* Begin XCBuildConfiguration section */
		C923A76A2045D22F008E51CD /* Debug */ = {
			isa = XCBuildConfiguration;
			buildSettings = {
				ALWAYS_SEARCH_USER_PATHS = NO;
				CLANG_ANALYZER_NONNULL = YES;
				CLANG_ANALYZER_NUMBER_OBJECT_CONVERSION = YES_AGGRESSIVE;
				CLANG_CXX_LANGUAGE_STANDARD = "gnu++17";
				CLANG_CXX_LIBRARY = "libc++";
				CLANG_ENABLE_MODULES = YES;
				CLANG_ENABLE_OBJC_ARC = YES;
				CLANG_WARN_BLOCK_CAPTURE_AUTORELEASING = YES;
				CLANG_WARN_BOOL_CONVERSION = YES;
				CLANG_WARN_COMMA = YES;
				CLANG_WARN_CONSTANT_CONVERSION = YES;
				CLANG_WARN_DEPRECATED_OBJC_IMPLEMENTATIONS = YES;
				CLANG_WARN_DIRECT_OBJC_ISA_USAGE = YES_ERROR;
				CLANG_WARN_DOCUMENTATION_COMMENTS = YES;
				CLANG_WARN_EMPTY_BODY = YES;
				CLANG_WARN_ENUM_CONVERSION = YES;
				CLANG_WARN_INFINITE_RECURSION = YES;
				CLANG_WARN_INT_CONVERSION = YES;
				CLANG_WARN_NON_LITERAL_NULL_CONVERSION = YES;
				CLANG_WARN_OBJC_IMPLICIT_RETAIN_SELF = YES;
				CLANG_WARN_OBJC_LITERAL_CONVERSION = YES;
				CLANG_WARN_OBJC_ROOT_CLASS = YES_ERROR;
				CLANG_WARN_QUOTED_INCLUDE_IN_FRAMEWORK_HEADER = YES;
				CLANG_WARN_RANGE_LOOP_ANALYSIS = YES;
				CLANG_WARN_STRICT_PROTOTYPES = YES;
				CLANG_WARN_SUSPICIOUS_MOVE = YES;
				CLANG_WARN_UNGUARDED_AVAILABILITY = YES_AGGRESSIVE;
				CLANG_WARN_UNREACHABLE_CODE = YES;
				CLANG_WARN__DUPLICATE_METHOD_MATCH = YES;
				CODE_SIGN_IDENTITY = "-";
				COPY_PHASE_STRIP = NO;
				DEAD_CODE_STRIPPING = YES;
				DEBUG_INFORMATION_FORMAT = dwarf;
				ENABLE_STRICT_OBJC_MSGSEND = YES;
				ENABLE_TESTABILITY = YES;
				GCC_C_LANGUAGE_STANDARD = gnu11;
				GCC_DYNAMIC_NO_PIC = NO;
				GCC_NO_COMMON_BLOCKS = YES;
				GCC_OPTIMIZATION_LEVEL = 0;
				GCC_PREPROCESSOR_DEFINITIONS = (
					"VMATH_NAMESPACE=omegarace",
					"DEBUG=1",
				);
				GCC_WARN_64_TO_32_BIT_CONVERSION = YES;
				GCC_WARN_ABOUT_RETURN_TYPE = YES_ERROR;
				GCC_WARN_UNDECLARED_SELECTOR = YES;
				GCC_WARN_UNINITIALIZED_AUTOS = YES_AGGRESSIVE;
				GCC_WARN_UNUSED_FUNCTION = YES;
				GCC_WARN_UNUSED_VARIABLE = YES;
				HEADER_SEARCH_PATHS = (
					"\"$(SRCROOT)/third-party/fmod/osx/inc\"",
					/opt/homebrew/opt/raylib/include/,
				);
				LIBRARY_SEARCH_PATHS = "\"$(SRCROOT)/third-party/fmod/osx/lib\"";
				MACOSX_DEPLOYMENT_TARGET = 10.12;
				MTL_ENABLE_DEBUG_INFO = YES;
				ONLY_ACTIVE_ARCH = YES;
				SDKROOT = macosx;
				SYSTEM_HEADER_SEARCH_PATHS = "";
				VALID_ARCHS = arm64;
			};
			name = Debug;
		};
		C923A76B2045D22F008E51CD /* Release */ = {
			isa = XCBuildConfiguration;
			buildSettings = {
				ALWAYS_SEARCH_USER_PATHS = NO;
				CLANG_ANALYZER_NONNULL = YES;
				CLANG_ANALYZER_NUMBER_OBJECT_CONVERSION = YES_AGGRESSIVE;
				CLANG_CXX_LANGUAGE_STANDARD = "gnu++17";
				CLANG_CXX_LIBRARY = "libc++";
				CLANG_ENABLE_MODULES = YES;
				CLANG_ENABLE_OBJC_ARC = YES;
				CLANG_WARN_BLOCK_CAPTURE_AUTORELEASING = YES;
				CLANG_WARN_BOOL_CONVERSION = YES;
				CLANG_WARN_COMMA = YES;
				CLANG_WARN_CONSTANT_CONVERSION = YES;
				CLANG_WARN_DEPRECATED_OBJC_IMPLEMENTATIONS = YES;
				CLANG_WARN_DIRECT_OBJC_ISA_USAGE = YES_ERROR;
				CLANG_WARN_DOCUMENTATION_COMMENTS = YES;
				CLANG_WARN_EMPTY_BODY = YES;
				CLANG_WARN_ENUM_CONVERSION = YES;
				CLANG_WARN_INFINITE_RECURSION = YES;
				CLANG_WARN_INT_CONVERSION = YES;
				CLANG_WARN_NON_LITERAL_NULL_CONVERSION = YES;
				CLANG_WARN_OBJC_IMPLICIT_RETAIN_SELF = YES;
				CLANG_WARN_OBJC_LITERAL_CONVERSION = YES;
				CLANG_WARN_OBJC_ROOT_CLASS = YES_ERROR;
				CLANG_WARN_QUOTED_INCLUDE_IN_FRAMEWORK_HEADER = YES;
				CLANG_WARN_RANGE_LOOP_ANALYSIS = YES;
				CLANG_WARN_STRICT_PROTOTYPES = YES;
				CLANG_WARN_SUSPICIOUS_MOVE = YES;
				CLANG_WARN_UNGUARDED_AVAILABILITY = YES_AGGRESSIVE;
				CLANG_WARN_UNREACHABLE_CODE = YES;
				CLANG_WARN__DUPLICATE_METHOD_MATCH = YES;
				CODE_SIGN_IDENTITY = "-";
				COPY_PHASE_STRIP = NO;
				DEAD_CODE_STRIPPING = YES;
				DEBUG_INFORMATION_FORMAT = "dwarf-with-dsym";
				ENABLE_NS_ASSERTIONS = NO;
				ENABLE_STRICT_OBJC_MSGSEND = YES;
				GCC_C_LANGUAGE_STANDARD = gnu11;
				GCC_NO_COMMON_BLOCKS = YES;
				GCC_PREPROCESSOR_DEFINITIONS = "VMATH_NAMESPACE=omegarace";
				GCC_WARN_64_TO_32_BIT_CONVERSION = YES;
				GCC_WARN_ABOUT_RETURN_TYPE = YES_ERROR;
				GCC_WARN_UNDECLARED_SELECTOR = YES;
				GCC_WARN_UNINITIALIZED_AUTOS = YES_AGGRESSIVE;
				GCC_WARN_UNUSED_FUNCTION = YES;
				GCC_WARN_UNUSED_VARIABLE = YES;
				HEADER_SEARCH_PATHS = (
					"\"$(SRCROOT)/third-party/fmod/osx/inc\"",
					/opt/homebrew/opt/raylib/include/,
				);
				LIBRARY_SEARCH_PATHS = "\"$(SRCROOT)/third-party/fmod/osx/lib\"";
				MACOSX_DEPLOYMENT_TARGET = 10.12;
				MTL_ENABLE_DEBUG_INFO = NO;
				SDKROOT = macosx;
				SYSTEM_HEADER_SEARCH_PATHS = "";
				VALID_ARCHS = arm64;
			};
			name = Release;
		};
		C923A76D2045D22F008E51CD /* Debug */ = {
			isa = XCBuildConfiguration;
			buildSettings = {
				ASSETCATALOG_COMPILER_APPICON_NAME = AppIcon;
				ASSETCATALOG_COMPILER_INCLUDE_ALL_APPICON_ASSETS = NO;
				CODE_SIGN_ENTITLEMENTS = resources/macos/OmegaRace.entitlements;
				CODE_SIGN_IDENTITY = "Apple Development";
				"CODE_SIGN_IDENTITY[sdk=macosx*]" = "Apple Development";
				CODE_SIGN_STYLE = Automatic;
				COMBINE_HIDPI_IMAGES = YES;
				CURRENT_PROJECT_VERSION = 1;
				DEAD_CODE_STRIPPING = YES;
				DEVELOPMENT_TEAM = ASB8U9Q83W;
				INFOPLIST_FILE = resources/macos/Info.plist;
				INFOPLIST_KEY_CFBundleDisplayName = "Omega Race";
				INFOPLIST_KEY_LSApplicationCategoryType = "public.app-category.arcade-games";
				LD_RUNPATH_SEARCH_PATHS = (
					"$(inherited)",
					"@executable_path/../Frameworks",
				);
				LIBRARY_SEARCH_PATHS = (
					"$(inherited)",
					/opt/homebrew/Cellar/raylib/5.5/lib,
					"$(PROJECT_DIR)",
				);
				MACOSX_DEPLOYMENT_TARGET = 14.6;
				MARKETING_VERSION = 1.0;
				PRODUCT_BUNDLE_IDENTIFIER = au.com.onereddog.OmegaRace;
				PRODUCT_NAME = "$(TARGET_NAME)";
				PROVISIONING_PROFILE_SPECIFIER = "";
				VALID_ARCHS = arm64;
			};
			name = Debug;
		};
		C923A76E2045D22F008E51CD /* Release */ = {
			isa = XCBuildConfiguration;
			buildSettings = {
				ASSETCATALOG_COMPILER_APPICON_NAME = AppIcon;
				ASSETCATALOG_COMPILER_INCLUDE_ALL_APPICON_ASSETS = NO;
				CODE_SIGN_ENTITLEMENTS = resources/macos/OmegaRace.entitlements;
				CODE_SIGN_IDENTITY = "Apple Development";
				"CODE_SIGN_IDENTITY[sdk=macosx*]" = "Apple Development";
				CODE_SIGN_STYLE = Automatic;
				COMBINE_HIDPI_IMAGES = YES;
				CURRENT_PROJECT_VERSION = 1;
				DEAD_CODE_STRIPPING = YES;
				DEVELOPMENT_TEAM = ASB8U9Q83W;
				GCC_OPTIMIZATION_LEVEL = fast;
				INFOPLIST_FILE = resources/macos/Info.plist;
				INFOPLIST_KEY_CFBundleDisplayName = "Omega Race";
				INFOPLIST_KEY_LSApplicationCategoryType = "public.app-category.arcade-games";
				LD_RUNPATH_SEARCH_PATHS = (
					"$(inherited)",
					"@executable_path/../Frameworks",
				);
				LIBRARY_SEARCH_PATHS = (
					"$(inherited)",
					/opt/homebrew/Cellar/raylib/5.5/lib,
					"$(PROJECT_DIR)",
				);
				MACOSX_DEPLOYMENT_TARGET = 14.6;
				MARKETING_VERSION = 1.0;
				PRODUCT_BUNDLE_IDENTIFIER = au.com.onereddog.OmegaRace;
				PRODUCT_NAME = "$(TARGET_NAME)";
				PROVISIONING_PROFILE_SPECIFIER = "";
				VALID_ARCHS = arm64;
			};
			name = Release;
		};
/* End XCBuildConfiguration section */

/* Begin XCConfigurationList section */
		C923A7532045D22F008E51CD /* Build configuration list for PBXProject "OmegaRace" */ = {
			isa = XCConfigurationList;
			buildConfigurations = (
				C923A76A2045D22F008E51CD /* Debug */,
				C923A76B2045D22F008E51CD /* Release */,
			);
			defaultConfigurationIsVisible = 0;
			defaultConfigurationName = Release;
		};
		C923A76C2045D22F008E51CD /* Build configuration list for PBXNativeTarget "OmegaRace" */ = {
			isa = XCConfigurationList;
			buildConfigurations = (
				C923A76D2045D22F008E51CD /* Debug */,
				C923A76E2045D22F008E51CD /* Release */,
			);
			defaultConfigurationIsVisible = 0;
			defaultConfigurationName = Release;
		};
/* End XCConfigurationList section */
	};
	rootObject = C923A7502045D22F008E51CD /* Project object */;
}
